<?xml version="1.0" encoding="utf-8"?>
<Project ToolsVersion="4.0" xmlns="http://schemas.microsoft.com/developer/msbuild/2003">
  <ItemGroup>
    <Filter Include="Generated Files">
      <UniqueIdentifier>{71ED8ED8-ACB9-4CE9-BBE1-E00B30144E11}</UniqueIdentifier>
      <Extensions>cpp;c;cxx;moc;h;def;odl;idl;res;</Extensions>
    </Filter>
    <Filter Include="Generated Files">
      <UniqueIdentifier>{71ED8ED8-ACB9-4CE9-BBE1-E00B30144E11}</UniqueIdentifier>
      <Extensions>cpp;c;cxx;moc;h;def;odl;idl;res;</Extensions>
    </Filter>
    <Filter Include="Header Files">
      <UniqueIdentifier>{93995380-89BD-4b04-88EB-625FBE52EBFB}</UniqueIdentifier>
      <Extensions>h;hpp;hxx;hm;inl;inc;xsd</Extensions>
    </Filter>
    <Filter Include="Header Files">
      <UniqueIdentifier>{93995380-89BD-4b04-88EB-625FBE52EBFB}</UniqueIdentifier>
      <Extensions>h;hpp;hxx;hm;inl;inc;xsd</Extensions>
    </Filter>
    <Filter Include="Source Files">
      <UniqueIdentifier>{4FC737F1-C7A5-4376-A066-2A32D752A2FF}</UniqueIdentifier>
      <Extensions>cpp;c;cxx;def;odl;idl;hpj;bat;asm;asmx</Extensions>
    </Filter>
    <Filter Include="Source Files">
      <UniqueIdentifier>{4FC737F1-C7A5-4376-A066-2A32D752A2FF}</UniqueIdentifier>
      <Extensions>cpp;c;cxx;def;odl;idl;hpj;bat;asm;asmx</Extensions>
    </Filter>
  </ItemGroup>
  <ItemGroup>
    <ClCompile Include="..\..\rtiviewer\src\coeffenhanc.cpp">
      <Filter>Source Files</Filter>
    </ClCompile>
    <ClCompile Include="..\..\rtiviewer\src\detailenhanc.cpp">
      <Filter>Source Files</Filter>
    </ClCompile>
    <ClCompile Include="..\..\rtiviewer\src\diffusegain.cpp">
      <Filter>Source Files</Filter>
    </ClCompile>
    <ClCompile Include="..\..\rtiviewer\src\dyndetailenhanc.cpp">
      <Filter>Source Files</Filter>
    </ClCompile>
    <ClCompile Include="..\..\rtiviewer\src\hsh.cpp">
      <Filter>Source Files</Filter>
    </ClCompile>
    <ClCompile Include="..\..\rtiviewer\src\loadingdlg.cpp">
      <Filter>Source Files</Filter>
    </ClCompile>
    <ClCompile Include="main.cpp">
      <Filter>Source Files</Filter>
    </ClCompile>
    <ClCompile Include="..\..\rtiviewer\src\normalenhanc.cpp">
      <Filter>Source Files</Filter>
    </ClCompile>
    <ClCompile Include="..\..\rtiviewer\src\normalsrendering.cpp">
      <Filter>Source Files</Filter>
    </ClCompile>
    <ClCompile Include="..\..\rtiviewer\src\ptm.cpp">
      <Filter>Source Files</Filter>
    </ClCompile>
    <ClCompile Include="..\..\rtiviewer\src\rendercontrolutils.cpp">
      <Filter>Source Files</Filter>
    </ClCompile>
    <ClCompile Include="..\..\rtiviewer\src\specularenhanc.cpp">
      <Filter>Source Files</Filter>
    </ClCompile>
    <ClCompile Include="..\..\rtiviewer\src\universalrti.cpp">
      <Filter>Source Files</Filter>
    </ClCompile>
    <ClCompile Include="..\..\rtiviewer\src\unsharpmasking.cpp">
      <Filter>Source Files</Filter>
    </ClCompile>
    <ClCompile Include="moc\moc_coeffenhanc.cpp">
      <Filter>Generated Files</Filter>
    </ClCompile>
    <ClCompile Include="moc\moc_defaultrendering.cpp">
      <Filter>Generated Files</Filter>
    </ClCompile>
    <ClCompile Include="moc\moc_detailenhanc.cpp">
      <Filter>Generated Files</Filter>
    </ClCompile>
    <ClCompile Include="moc\moc_diffusegain.cpp">
      <Filter>Generated Files</Filter>
    </ClCompile>
    <ClCompile Include="moc\moc_dyndetailenhanc.cpp">
      <Filter>Generated Files</Filter>
    </ClCompile>
    <ClCompile Include="moc\moc_loadingdlg.cpp">
      <Filter>Generated Files</Filter>
    </ClCompile>
    <ClCompile Include="moc\moc_normalenhanc.cpp">
      <Filter>Generated Files</Filter>
    </ClCompile>
    <ClCompile Include="moc\moc_normalsrendering.cpp">
      <Filter>Generated Files</Filter>
    </ClCompile>
    <ClCompile Include="moc\moc_rendercontrolutils.cpp">
      <Filter>Generated Files</Filter>
    </ClCompile>
    <ClCompile Include="moc\moc_specularenhanc.cpp">
      <Filter>Generated Files</Filter>
    </ClCompile>
    <ClCompile Include="moc\moc_unsharpmasking.cpp">
      <Filter>Generated Files</Filter>
    </ClCompile>
  </ItemGroup>
  <ItemGroup>
    <CustomBuild Include="..\..\rtiviewer\src\coeffenhanc.h">
      <Filter>Header Files</Filter>
    </CustomBuild>
    <CustomBuild Include="..\..\rtiviewer\src\defaultrendering.h">
      <Filter>Header Files</Filter>
    </CustomBuild>
    <CustomBuild Include="..\..\rtiviewer\src\detailenhanc.h">
      <Filter>Header Files</Filter>
    </CustomBuild>
    <CustomBuild Include="..\..\rtiviewer\src\diffusegain.h">
      <Filter>Header Files</Filter>
    </CustomBuild>
    <CustomBuild Include="..\..\rtiviewer\src\dyndetailenhanc.h">
      <Filter>Header Files</Filter>
    </CustomBuild>
    <ClInclude Include="..\..\rtiviewer\src\hsh.h">
      <Filter>Header Files</Filter>
    </ClInclude>
    <CustomBuild Include="..\..\rtiviewer\src\loadingdlg.h">
      <Filter>Header Files</Filter>
    </CustomBuild>
    <CustomBuild Include="..\..\rtiviewer\src\normalenhanc.h">
      <Filter>Header Files</Filter>
    </CustomBuild>
    <CustomBuild Include="..\..\rtiviewer\src\normalsrendering.h">
      <Filter>Header Files</Filter>
    </CustomBuild>
    <ClInclude Include="..\..\rtiviewer\src\ptm.h">
      <Filter>Header Files</Filter>
    </ClInclude>
    <CustomBuild Include="..\..\rtiviewer\src\rendercontrolutils.h">
      <Filter>Header Files</Filter>
    </CustomBuild>
    <ClInclude Include="..\..\rtiviewer\src\rti.h">
      <Filter>Header Files</Filter>
    </ClInclude>
    <CustomBuild Include="..\..\rtiviewer\src\specularenhanc.h">
      <Filter>Header Files</Filter>
    </CustomBuild>
    <ClInclude Include="..\..\rtiviewer\src\universalrti.h">
      <Filter>Header Files</Filter>
    </ClInclude>
    <CustomBuild Include="..\..\rtiviewer\src\unsharpmasking.h">
      <Filter>Header Files</Filter>
    </CustomBuild>
    <ClInclude Include="zorder.h">
      <Filter>Header Files</Filter>
    </ClInclude>
  </ItemGroup>
</Project>