<?xml version="1.0" encoding="utf-8"?>
<Project ToolsVersion="4.0" xmlns="http://schemas.microsoft.com/developer/msbuild/2003">
  <ItemGroup>
    <Filter Include="Generated Files">
      <UniqueIdentifier>{71ED8ED8-ACB9-4CE9-BBE1-E00B30144E11}</UniqueIdentifier>
      <Extensions>cpp;c;cxx;moc;h;def;odl;idl;res;</Extensions>
    </Filter>
    <Filter Include="Generated Files">
      <UniqueIdentifier>{71ED8ED8-ACB9-4CE9-BBE1-E00B30144E11}</UniqueIdentifier>
      <Extensions>cpp;c;cxx;moc;h;def;odl;idl;res;</Extensions>
    </Filter>
    <Filter Include="Header Files">
      <UniqueIdentifier>{93995380-89BD-4b04-88EB-625FBE52EBFB}</UniqueIdentifier>
      <Extensions>h;hpp;hxx;hm;inl;inc;xsd</Extensions>
    </Filter>
    <Filter Include="Header Files">
      <UniqueIdentifier>{93995380-89BD-4b04-88EB-625FBE52EBFB}</UniqueIdentifier>
      <Extensions>h;hpp;hxx;hm;inl;inc;xsd</Extensions>
    </Filter>
    <Filter Include="Source Files">
      <UniqueIdentifier>{4FC737F1-C7A5-4376-A066-2A32D752A2FF}</UniqueIdentifier>
      <Extensions>cpp;c;cxx;def;odl;idl;hpj;bat;asm;asmx</Extensions>
    </Filter>
    <Filter Include="Source Files">
      <UniqueIdentifier>{4FC737F1-C7A5-4376-A066-2A32D752A2FF}</UniqueIdentifier>
      <Extensions>cpp;c;cxx;def;odl;idl;hpj;bat;asm;asmx</Extensions>
    </Filter>
    <Filter Include="Generated Files\Debug">
      <UniqueIdentifier>{d2e63b97-456c-483e-a577-5fef485dff87}</UniqueIdentifier>
      <Extensions>cpp;moc</Extensions>
      <SourceControlFiles>False</SourceControlFiles>
    </Filter>
    <Filter Include="Generated Files\Release">
      <UniqueIdentifier>{9d1c4560-a617-490d-a334-7aebefde6174}</UniqueIdentifier>
      <Extensions>cpp;moc</Extensions>
      <SourceControlFiles>False</SourceControlFiles>
    </Filter>
  </ItemGroup>
  <ItemGroup>
    <ClCompile Include="openjpeg\bio.c">
      <Filter>Source Files</Filter>
    </ClCompile>
    <ClCompile Include="openjpeg\cio.c">
      <Filter>Source Files</Filter>
    </ClCompile>
    <ClCompile Include="openjpeg\dwt.c">
      <Filter>Source Files</Filter>
    </ClCompile>
    <ClCompile Include="openjpeg\event.c">
      <Filter>Source Files</Filter>
    </ClCompile>
    <ClCompile Include="openjpeg\image.c">
      <Filter>Source Files</Filter>
    </ClCompile>
    <ClCompile Include="openjpeg\j2k.c">
      <Filter>Source Files</Filter>
    </ClCompile>
    <ClCompile Include="openjpeg\j2k_lib.c">
      <Filter>Source Files</Filter>
    </ClCompile>
    <ClCompile Include="openjpeg\jp2.c">
      <Filter>Source Files</Filter>
    </ClCompile>
    <ClCompile Include="jpeg2000.cpp">
      <Filter>Source Files</Filter>
    </ClCompile>
    <ClCompile Include="openjpeg\jpt.c">
      <Filter>Source Files</Filter>
    </ClCompile>
    <ClCompile Include="openjpeg\mct.c">
      <Filter>Source Files</Filter>
    </ClCompile>
    <ClCompile Include="openjpeg\mqc.c">
      <Filter>Source Files</Filter>
    </ClCompile>
    <ClCompile Include="openjpeg\openjpeg.c">
      <Filter>Source Files</Filter>
    </ClCompile>
    <ClCompile Include="openjpeg\pi.c">
      <Filter>Source Files</Filter>
    </ClCompile>
    <ClCompile Include="openjpeg\raw.c">
      <Filter>Source Files</Filter>
    </ClCompile>
    <ClCompile Include="openjpeg\t1.c">
      <Filter>Source Files</Filter>
    </ClCompile>
    <ClCompile Include="openjpeg\t1_generate_luts.c">
      <Filter>Source Files</Filter>
    </ClCompile>
    <ClCompile Include="openjpeg\t2.c">
      <Filter>Source Files</Filter>
    </ClCompile>
    <ClCompile Include="openjpeg\tcd.c">
      <Filter>Source Files</Filter>
    </ClCompile>
    <ClCompile Include="openjpeg\tgt.c">
      <Filter>Source Files</Filter>
    </ClCompile>
    <ClCompile Include="GeneratedFiles\Debug\moc_jpeg2000.cpp">
      <Filter>Generated Files\Debug</Filter>
    </ClCompile>
    <ClCompile Include="GeneratedFiles\Release\moc_jpeg2000.cpp">
      <Filter>Generated Files\Release</Filter>
    </ClCompile>
  </ItemGroup>
  <ItemGroup>
    <ClInclude Include="openjpeg\bio.h">
      <Filter>Header Files</Filter>
    </ClInclude>
    <ClInclude Include="openjpeg\cio.h">
      <Filter>Header Files</Filter>
    </ClInclude>
    <ClInclude Include="openjpeg\dwt.h">
      <Filter>Header Files</Filter>
    </ClInclude>
    <ClInclude Include="openjpeg\event.h">
      <Filter>Header Files</Filter>
    </ClInclude>
    <ClInclude Include="openjpeg\fix.h">
      <Filter>Header Files</Filter>
    </ClInclude>
    <ClInclude Include="openjpeg\image.h">
      <Filter>Header Files</Filter>
    </ClInclude>
    <ClInclude Include="openjpeg\int.h">
      <Filter>Header Files</Filter>
    </ClInclude>
    <ClInclude Include="openjpeg\j2k.h">
      <Filter>Header Files</Filter>
    </ClInclude>
    <ClInclude Include="openjpeg\j2k_lib.h">
      <Filter>Header Files</Filter>
    </ClInclude>
    <ClInclude Include="openjpeg\jp2.h">
      <Filter>Header Files</Filter>
    </ClInclude>
    <CustomBuild Include="jpeg2000.h">
      <Filter>Header Files</Filter>
    </CustomBuild>
    <ClInclude Include="openjpeg\jpt.h">
      <Filter>Header Files</Filter>
    </ClInclude>
    <ClInclude Include="openjpeg\mct.h">
      <Filter>Header Files</Filter>
    </ClInclude>
    <ClInclude Include="openjpeg\mqc.h">
      <Filter>Header Files</Filter>
    </ClInclude>
    <ClInclude Include="openjpeg\openjpeg.h">
      <Filter>Header Files</Filter>
    </ClInclude>
    <ClInclude Include="openjpeg\opj_includes.h">
      <Filter>Header Files</Filter>
    </ClInclude>
    <ClInclude Include="openjpeg\opj_malloc.h">
      <Filter>Header Files</Filter>
    </ClInclude>
    <ClInclude Include="openjpeg\pi.h">
      <Filter>Header Files</Filter>
    </ClInclude>
    <ClInclude Include="openjpeg\raw.h">
      <Filter>Header Files</Filter>
    </ClInclude>
    <ClInclude Include="openjpeg\t1.h">
      <Filter>Header Files</Filter>
    </ClInclude>
    <ClInclude Include="openjpeg\t1_luts.h">
      <Filter>Header Files</Filter>
    </ClInclude>
    <ClInclude Include="openjpeg\t2.h">
      <Filter>Header Files</Filter>
    </ClInclude>
    <ClInclude Include="openjpeg\tcd.h">
      <Filter>Header Files</Filter>
    </ClInclude>
    <ClInclude Include="openjpeg\tgt.h">
      <Filter>Header Files</Filter>
    </ClInclude>
  </ItemGroup>
</Project>