<?xml version="1.0" encoding="utf-8"?>
<Project ToolsVersion="4.0" xmlns="http://schemas.microsoft.com/developer/msbuild/2003">
  <ItemGroup>
    <Filter Include="Generated Files">
      <UniqueIdentifier>{71ED8ED8-ACB9-4CE9-BBE1-E00B30144E11}</UniqueIdentifier>
      <Extensions>cpp;c;cxx;moc;h;def;odl;idl;res;</Extensions>
    </Filter>
    <Filter Include="Generated Files">
      <UniqueIdentifier>{71ED8ED8-ACB9-4CE9-BBE1-E00B30144E11}</UniqueIdentifier>
      <Extensions>cpp;c;cxx;moc;h;def;odl;idl;res;</Extensions>
    </Filter>
    <Filter Include="Header Files">
      <UniqueIdentifier>{93995380-89BD-4b04-88EB-625FBE52EBFB}</UniqueIdentifier>
      <Extensions>h;hpp;hxx;hm;inl;inc;xsd</Extensions>
    </Filter>
    <Filter Include="Header Files">
      <UniqueIdentifier>{93995380-89BD-4b04-88EB-625FBE52EBFB}</UniqueIdentifier>
      <Extensions>h;hpp;hxx;hm;inl;inc;xsd</Extensions>
    </Filter>
    <Filter Include="Resource Files">
      <UniqueIdentifier>{D9D6E242-F8AF-46E4-B9FD-80ECBC20BA3E}</UniqueIdentifier>
      <Extensions>qrc;*</Extensions>
      <ParseFiles>false</ParseFiles>
    </Filter>
    <Filter Include="Resource Files">
      <UniqueIdentifier>{D9D6E242-F8AF-46E4-B9FD-80ECBC20BA3E}</UniqueIdentifier>
      <Extensions>qrc;*</Extensions>
      <ParseFiles>false</ParseFiles>
    </Filter>
    <Filter Include="Source Files">
      <UniqueIdentifier>{4FC737F1-C7A5-4376-A066-2A32D752A2FF}</UniqueIdentifier>
      <Extensions>cpp;c;cxx;def;odl;idl;hpj;bat;asm;asmx</Extensions>
    </Filter>
    <Filter Include="Source Files">
      <UniqueIdentifier>{4FC737F1-C7A5-4376-A066-2A32D752A2FF}</UniqueIdentifier>
      <Extensions>cpp;c;cxx;def;odl;idl;hpj;bat;asm;asmx</Extensions>
    </Filter>
  </ItemGroup>
  <ItemGroup>
    <ClCompile Include="aboutdlg.cpp">
      <Filter>Source Files</Filter>
    </ClCompile>
    <ClCompile Include="bookmarkcontrol.cpp">
      <Filter>Source Files</Filter>
    </ClCompile>
    <ClCompile Include="coeffenhanc.cpp">
      <Filter>Source Files</Filter>
    </ClCompile>
    <ClCompile Include="detailenhanc.cpp">
      <Filter>Source Files</Filter>
    </ClCompile>
    <ClCompile Include="diffusegain.cpp">
      <Filter>Source Files</Filter>
    </ClCompile>
    <ClCompile Include="dyndetailenhanc.cpp">
      <Filter>Source Files</Filter>
    </ClCompile>
    <ClCompile Include="gui.cpp">
      <Filter>Source Files</Filter>
    </ClCompile>
    <ClCompile Include="hsh.cpp">
      <Filter>Source Files</Filter>
    </ClCompile>
    <ClCompile Include="httpthread.cpp">
      <Filter>Source Files</Filter>
    </ClCompile>
    <ClCompile Include="lightControl.cpp">
      <Filter>Source Files</Filter>
    </ClCompile>
    <ClCompile Include="loadingdlg.cpp">
      <Filter>Source Files</Filter>
    </ClCompile>
    <ClCompile Include="main.cpp">
      <Filter>Source Files</Filter>
    </ClCompile>
    <ClCompile Include="multiviewrti.cpp">
      <Filter>Source Files</Filter>
    </ClCompile>
    <ClCompile Include="navigator.cpp">
      <Filter>Source Files</Filter>
    </ClCompile>
    <ClCompile Include="normalenhanc.cpp">
      <Filter>Source Files</Filter>
    </ClCompile>
    <ClCompile Include="normalsrendering.cpp">
      <Filter>Source Files</Filter>
    </ClCompile>
    <ClCompile Include="openremotedlg.cpp">
      <Filter>Source Files</Filter>
    </ClCompile>
    <ClCompile Include="ptm.cpp">
      <Filter>Source Files</Filter>
    </ClCompile>
    <ClCompile Include="rendercontrolutils.cpp">
      <Filter>Source Files</Filter>
    </ClCompile>
    <ClCompile Include="renderingdialog.cpp">
      <Filter>Source Files</Filter>
    </ClCompile>
    <ClCompile Include="rtiBrowser.cpp">
      <Filter>Source Files</Filter>
    </ClCompile>
    <ClCompile Include="specularenhanc.cpp">
      <Filter>Source Files</Filter>
    </ClCompile>
    <ClCompile Include="universalrti.cpp">
      <Filter>Source Files</Filter>
    </ClCompile>
    <ClCompile Include="unsharpmasking.cpp">
      <Filter>Source Files</Filter>
    </ClCompile>
    <ClCompile Include="moc\moc_aboutdlg.cpp">
      <Filter>Generated Files</Filter>
    </ClCompile>
    <ClCompile Include="moc\moc_bookmarkcontrol.cpp">
      <Filter>Generated Files</Filter>
    </ClCompile>
    <ClCompile Include="moc\moc_coeffenhanc.cpp">
      <Filter>Generated Files</Filter>
    </ClCompile>
    <ClCompile Include="moc\moc_configdlg.cpp">
      <Filter>Generated Files</Filter>
    </ClCompile>
    <ClCompile Include="moc\moc_defaultrendering.cpp">
      <Filter>Generated Files</Filter>
    </ClCompile>
    <ClCompile Include="moc\moc_detailenhanc.cpp">
      <Filter>Generated Files</Filter>
    </ClCompile>
    <ClCompile Include="moc\moc_diffusegain.cpp">
      <Filter>Generated Files</Filter>
    </ClCompile>
    <ClCompile Include="moc\moc_dyndetailenhanc.cpp">
      <Filter>Generated Files</Filter>
    </ClCompile>
    <ClCompile Include="moc\moc_gui.cpp">
      <Filter>Generated Files</Filter>
    </ClCompile>
    <ClCompile Include="moc\moc_httpthread.cpp">
      <Filter>Generated Files</Filter>
    </ClCompile>
    <ClCompile Include="moc\moc_lightControl.cpp">
      <Filter>Generated Files</Filter>
    </ClCompile>
    <ClCompile Include="moc\moc_loadingdlg.cpp">
      <Filter>Generated Files</Filter>
    </ClCompile>
    <ClCompile Include="moc\moc_multiviewrti.cpp">
      <Filter>Generated Files</Filter>
    </ClCompile>
    <ClCompile Include="moc\moc_navigator.cpp">
      <Filter>Generated Files</Filter>
    </ClCompile>
    <ClCompile Include="moc\moc_normalenhanc.cpp">
      <Filter>Generated Files</Filter>
    </ClCompile>
    <ClCompile Include="moc\moc_normalsrendering.cpp">
      <Filter>Generated Files</Filter>
    </ClCompile>
    <ClCompile Include="moc\moc_openremotedlg.cpp">
      <Filter>Generated Files</Filter>
    </ClCompile>
    <ClCompile Include="moc\moc_rendercontrolutils.cpp">
      <Filter>Generated Files</Filter>
    </ClCompile>
    <ClCompile Include="moc\moc_renderingdialog.cpp">
      <Filter>Generated Files</Filter>
    </ClCompile>
    <ClCompile Include="moc\moc_rtiBrowser.cpp">
      <Filter>Generated Files</Filter>
    </ClCompile>
    <ClCompile Include="moc\moc_specularenhanc.cpp">
      <Filter>Generated Files</Filter>
    </ClCompile>
    <ClCompile Include="moc\moc_unsharpmasking.cpp">
      <Filter>Generated Files</Filter>
    </ClCompile>
    <ClCompile Include="GeneratedFiles\qrc_rtiviewer.cpp">
      <Filter>Generated Files</Filter>
    </ClCompile>
  </ItemGroup>
  <ItemGroup>
    <ClInclude Include="SysInfo.h">
      <Filter>Header Files</Filter>
    </ClInclude>
    <CustomBuild Include="aboutdlg.h">
      <Filter>Header Files</Filter>
    </CustomBuild>
    <CustomBuild Include="bookmarkcontrol.h">
      <Filter>Header Files</Filter>
    </CustomBuild>
    <CustomBuild Include="coeffenhanc.h">
      <Filter>Header Files</Filter>
    </CustomBuild>
    <CustomBuild Include="configdlg.h">
      <Filter>Header Files</Filter>
    </CustomBuild>
    <CustomBuild Include="defaultrendering.h">
      <Filter>Header Files</Filter>
    </CustomBuild>
    <CustomBuild Include="detailenhanc.h">
      <Filter>Header Files</Filter>
    </CustomBuild>
    <CustomBuild Include="diffusegain.h">
      <Filter>Header Files</Filter>
    </CustomBuild>
    <CustomBuild Include="dyndetailenhanc.h">
      <Filter>Header Files</Filter>
    </CustomBuild>
    <CustomBuild Include="gui.h">
      <Filter>Header Files</Filter>
    </CustomBuild>
    <ClInclude Include="hsh.h">
      <Filter>Header Files</Filter>
    </ClInclude>
    <CustomBuild Include="httpthread.h">
      <Filter>Header Files</Filter>
    </CustomBuild>
    <CustomBuild Include="lightControl.h">
      <Filter>Header Files</Filter>
    </CustomBuild>
    <CustomBuild Include="loadingdlg.h">
      <Filter>Header Files</Filter>
    </CustomBuild>
    <CustomBuild Include="multiviewrti.h">
      <Filter>Header Files</Filter>
    </CustomBuild>
    <CustomBuild Include="navigator.h">
      <Filter>Header Files</Filter>
    </CustomBuild>
    <CustomBuild Include="normalenhanc.h">
      <Filter>Header Files</Filter>
    </CustomBuild>
    <CustomBuild Include="normalsrendering.h">
      <Filter>Header Files</Filter>
    </CustomBuild>
    <CustomBuild Include="openremotedlg.h">
      <Filter>Header Files</Filter>
    </CustomBuild>
    <ClInclude Include="ptm.h">
      <Filter>Header Files</Filter>
    </ClInclude>
    <ClInclude Include="ptmCoeffVectorized.h">
      <Filter>Header Files</Filter>
    </ClInclude>
    <ClInclude Include="pyramid.h">
      <Filter>Header Files</Filter>
    </ClInclude>
    <CustomBuild Include="rendercontrolutils.h">
      <Filter>Header Files</Filter>
    </CustomBuild>
    <CustomBuild Include="renderingdialog.h">
      <Filter>Header Files</Filter>
    </CustomBuild>
    <ClInclude Include="renderingmode.h">
      <Filter>Header Files</Filter>
    </ClInclude>
    <ClInclude Include="rti.h">
      <Filter>Header Files</Filter>
    </ClInclude>
    <CustomBuild Include="rtiBrowser.h">
      <Filter>Header Files</Filter>
    </CustomBuild>
    <CustomBuild Include="specularenhanc.h">
      <Filter>Header Files</Filter>
    </CustomBuild>
    <ClInclude Include="universalrti.h">
      <Filter>Header Files</Filter>
    </ClInclude>
    <CustomBuild Include="unsharpmasking.h">
      <Filter>Header Files</Filter>
    </CustomBuild>
    <ClInclude Include="util.h">
      <Filter>Header Files</Filter>
    </ClInclude>
    <ClInclude Include="..\..\rtiwebmaker\src\zorder.h">
      <Filter>Header Files</Filter>
    </ClInclude>
  </ItemGroup>
  <ItemGroup>
    <None Include="images\chi-logo.png">
      <Filter>Resource Files</Filter>
    </None>
    <None Include="images\config.png">
      <Filter>Resource Files</Filter>
    </None>
    <None Include="images\hptran.png">
      <Filter>Resource Files</Filter>
    </None>
    <None Include="images\info.png">
      <Filter>Resource Files</Filter>
    </None>
    <None Include="images\logo-pdf.png">
      <Filter>Resource Files</Filter>
    </None>
    <None Include="images\logo_imls.gif">
      <Filter>Resource Files</Filter>
    </None>
    <None Include="images\logousc_resize.png">
      <Filter>Resource Files</Filter>
    </None>
    <None Include="images\minho.jpeg">
      <Filter>Resource Files</Filter>
    </None>
    <None Include="images\openlocal.png">
      <Filter>Resource Files</Filter>
    </None>
    <None Include="images\openremote.png">
      <Filter>Resource Files</Filter>
    </None>
    <CustomBuild Include="rtiviewer.qrc">
      <Filter>Resource Files</Filter>
    </CustomBuild>
    <None Include="images\snapshot.png">
      <Filter>Resource Files</Filter>
    </None>
    <None Include="images\tomb.png">
      <Filter>Resource Files</Filter>
    </None>
    <None Include="images\ucsantacruz_resize.png">
      <Filter>Resource Files</Filter>
    </None>
    <None Include="images\vcglogo.png">
      <Filter>Resource Files</Filter>
    </None>
  </ItemGroup>
  <ItemGroup>
    <ResourceCompile Include="rtiviewer.rc" />
  </ItemGroup>
</Project>